
Microsoft Visual Studio Solution File, Format Version 12.00
# Visual Studio 15
VisualStudioVersion = 15.0.27428.2043
MinimumVisualStudioVersion = 10.0.40219.1
Project("{FAE04EC0-301F-11D3-BF4B-00C04F79EFBC}") = "VibboQA", "VibboQA\VibboQA.csproj", "{D963ABAE-7170-4D4F-BD73-0B1C15E2C838}"
EndProject
Global
	GlobalSection(SolutionConfigurationPlatforms) = preSolution
		Debug|Any CPU = Debug|Any CPU
		Release|Any CPU = Release|Any CPU
	EndGlobalSection
	GlobalSection(ProjectConfigurationPlatforms) = postSolution
		{D963ABAE-7170-4D4F-BD73-0B1C15E2C838}.Debug|Any CPU.ActiveCfg = Debug|Any CPU
		{D963ABAE-7170-4D4F-BD73-0B1C15E2C838}.Debug|Any CPU.Build.0 = Debug|Any CPU
		{D963ABAE-7170-4D4F-BD73-0B1C15E2C838}.Release|Any CPU.ActiveCfg = Release|Any CPU
		{D963ABAE-7170-4D4F-BD73-0B1C15E2C838}.Release|Any CPU.Build.0 = Release|Any CPU
	EndGlobalSection
	GlobalSection(SolutionProperties) = preSolution
		HideSolutionNode = FALSE
	EndGlobalSection
	GlobalSection(ExtensibilityGlobals) = postSolution
		SolutionGuid = {27548B23-3413-4039-9AA3-4EA0FC69E850}
	EndGlobalSection
EndGlobal
